
Microsoft Visual Studio Solution File, Format Version 12.00
# Visual Studio 14
VisualStudioVersion = 14.0.25123.0
MinimumVisualStudioVersion = 10.0.40219.1
Project("{FAE04EC0-301F-11D3-BF4B-00C04F79EFBC}") = "TDD_Lab", "TDD_Lab\TDD_Lab.csproj", "{7AFCE97F-254C-4934-B7F4-A9C5AFACF3C0}"
EndProject
Project("{FAE04EC0-301F-11D3-BF4B-00C04F79EFBC}") = "Test_TDD_Lab", "Test_TDD_Lab\Test_TDD_Lab.csproj", "{0961611D-DD6B-4863-9E8D-E3824AC35C0A}"
EndProject
Global
	GlobalSection(SolutionConfigurationPlatforms) = preSolution
		Debug|Any CPU = Debug|Any CPU
		Release|Any CPU = Release|Any CPU
	EndGlobalSection
	GlobalSection(ProjectConfigurationPlatforms) = postSolution
		{7AFCE97F-254C-4934-B7F4-A9C5AFACF3C0}.Debug|Any CPU.ActiveCfg = Debug|Any CPU
		{7AFCE97F-254C-4934-B7F4-A9C5AFACF3C0}.Debug|Any CPU.Build.0 = Debug|Any CPU
		{7AFCE97F-254C-4934-B7F4-A9C5AFACF3C0}.Release|Any CPU.ActiveCfg = Release|Any CPU
		{7AFCE97F-254C-4934-B7F4-A9C5AFACF3C0}.Release|Any CPU.Build.0 = Release|Any CPU
		{0961611D-DD6B-4863-9E8D-E3824AC35C0A}.Debug|Any CPU.ActiveCfg = Debug|Any CPU
		{0961611D-DD6B-4863-9E8D-E3824AC35C0A}.Debug|Any CPU.Build.0 = Debug|Any CPU
		{0961611D-DD6B-4863-9E8D-E3824AC35C0A}.Release|Any CPU.ActiveCfg = Release|Any CPU
		{0961611D-DD6B-4863-9E8D-E3824AC35C0A}.Release|Any CPU.Build.0 = Release|Any CPU
	EndGlobalSection
	GlobalSection(SolutionProperties) = preSolution
		HideSolutionNode = FALSE
	EndGlobalSection
EndGlobal
